
Microsoft Visual Studio Solution File, Format Version 12.00
# Visual Studio Version 16
VisualStudioVersion = 16.0.29306.81
MinimumVisualStudioVersion = 10.0.40219.1
Project("{FAE04EC0-301F-11D3-BF4B-00C04F79EFBC}") = "FacturaElectronicaSii", "FacturaElectronicaSii\FacturaElectronicaSii.csproj", "{C8C7EBD8-3520-4EC4-A8ED-4ADABF4C1018}"
EndProject
Global
	GlobalSection(SolutionConfigurationPlatforms) = preSolution
		Debug|Any CPU = Debug|Any CPU
		Release|Any CPU = Release|Any CPU
	EndGlobalSection
	GlobalSection(ProjectConfigurationPlatforms) = postSolution
		{C8C7EBD8-3520-4EC4-A8ED-4ADABF4C1018}.Debug|Any CPU.ActiveCfg = Debug|Any CPU
		{C8C7EBD8-3520-4EC4-A8ED-4ADABF4C1018}.Debug|Any CPU.Build.0 = Debug|Any CPU
		{C8C7EBD8-3520-4EC4-A8ED-4ADABF4C1018}.Release|Any CPU.ActiveCfg = Release|Any CPU
		{C8C7EBD8-3520-4EC4-A8ED-4ADABF4C1018}.Release|Any CPU.Build.0 = Release|Any CPU
	EndGlobalSection
	GlobalSection(SolutionProperties) = preSolution
		HideSolutionNode = FALSE
	EndGlobalSection
	GlobalSection(ExtensibilityGlobals) = postSolution
		SolutionGuid = {745692E0-ABC7-4360-9620-5F08F83F5CD4}
	EndGlobalSection
EndGlobal
